
Microsoft Visual Studio Solution File, Format Version 12.00
# Visual Studio Version 16
VisualStudioVersion = 16.0.31702.278
MinimumVisualStudioVersion = 10.0.40219.1
Project("{FAE04EC0-301F-11D3-BF4B-00C04F79EFBC}") = "PPDI", "PPDI\PPDI.csproj", "{99BCCA71-D41A-4A6D-8B0A-2DC17108098C}"
EndProject
Global
	GlobalSection(SolutionConfigurationPlatforms) = preSolution
		Debug|Any CPU = Debug|Any CPU
		Release|Any CPU = Release|Any CPU
	EndGlobalSection
	GlobalSection(ProjectConfigurationPlatforms) = postSolution
		{99BCCA71-D41A-4A6D-8B0A-2DC17108098C}.Debug|Any CPU.ActiveCfg = Debug|Any CPU
		{99BCCA71-D41A-4A6D-8B0A-2DC17108098C}.Debug|Any CPU.Build.0 = Debug|Any CPU
		{99BCCA71-D41A-4A6D-8B0A-2DC17108098C}.Release|Any CPU.ActiveCfg = Release|Any CPU
		{99BCCA71-D41A-4A6D-8B0A-2DC17108098C}.Release|Any CPU.Build.0 = Release|Any CPU
	EndGlobalSection
	GlobalSection(SolutionProperties) = preSolution
		HideSolutionNode = FALSE
	EndGlobalSection
	GlobalSection(ExtensibilityGlobals) = postSolution
		SolutionGuid = {74523BBA-24E9-408C-A2EC-1883771E6273}
	EndGlobalSection
EndGlobal
